
Microsoft Visual Studio Solution File, Format Version 12.00
# Visual Studio Version 17
VisualStudioVersion = 17.1.32328.378
MinimumVisualStudioVersion = 10.0.40219.1
Project("{9A19103F-16F7-4668-BE54-9A1E7A4F7556}") = "MenuBenQue", "MenuBenQue\MenuBenQue.csproj", "{EA96B63D-302F-4BFB-B061-30DE071BF22E}"
EndProject
Global
	GlobalSection(SolutionConfigurationPlatforms) = preSolution
		Debug|Any CPU = Debug|Any CPU
		Release|Any CPU = Release|Any CPU
	EndGlobalSection
	GlobalSection(ProjectConfigurationPlatforms) = postSolution
		{EA96B63D-302F-4BFB-B061-30DE071BF22E}.Debug|Any CPU.ActiveCfg = Debug|Any CPU
		{EA96B63D-302F-4BFB-B061-30DE071BF22E}.Debug|Any CPU.Build.0 = Debug|Any CPU
		{EA96B63D-302F-4BFB-B061-30DE071BF22E}.Release|Any CPU.ActiveCfg = Release|Any CPU
		{EA96B63D-302F-4BFB-B061-30DE071BF22E}.Release|Any CPU.Build.0 = Release|Any CPU
	EndGlobalSection
	GlobalSection(SolutionProperties) = preSolution
		HideSolutionNode = FALSE
	EndGlobalSection
	GlobalSection(ExtensibilityGlobals) = postSolution
		SolutionGuid = {E63FF092-4411-44C6-BFF6-850CAD258DAD}
	EndGlobalSection
EndGlobal
